// !$*UTF8*$!
{
	archiveVersion = 1;
	classes = {
	};
	objectVersion = 56;
	objects = {

/* Begin PBXBuildFile section */
		37A3A19A2B34701C0000F0FC /* main.m in Sources */ = {isa = PBXBuildFile; fileRef = 37A3A1992B34701C0000F0FC /* main.m */; };
		37A3A1B62B3547A20000F0FC /* testing.m in Sources */ = {isa = PBXBuildFile; fileRef = 37A3A1B52B3547A20000F0FC /* testing.m */; };
		37A3A1BB2B372EC30000F0FC /* XSError.m in Sources */ = {isa = PBXBuildFile; fileRef = 37A3A1BA2B372EC30000F0FC /* XSError.m */; };
		37A3A1BF2B3775860000F0FC /* XSPrint.m in Sources */ = {isa = PBXBuildFile; fileRef = 37A3A1BE2B3775860000F0FC /* XSPrint.m */; };
		37A3A1C22B37FBF80000F0FC /* XSRuntime.m in Sources */ = {isa = PBXBuildFile; fileRef = 37A3A1C12B37FBF80000F0FC /* XSRuntime.m */; };
		37A3A1DA2B3B799D0000F0FC /* XSError.m in Sources */ = {isa = PBXBuildFile; fileRef = 37A3A1BA2B372EC30000F0FC /* XSError.m */; };
		37A3A1DC2B3B799D0000F0FC /* XSPrint.m in Sources */ = {isa = PBXBuildFile; fileRef = 37A3A1BE2B3775860000F0FC /* XSPrint.m */; };
		37A3A1DE2B3B799D0000F0FC /* XSRuntime.m in Sources */ = {isa = PBXBuildFile; fileRef = 37A3A1C12B37FBF80000F0FC /* XSRuntime.m */; };
		37A3A1DF2B3B799D0000F0FC /* main.m in Sources */ = {isa = PBXBuildFile; fileRef = 37A3A1992B34701C0000F0FC /* main.m */; };
		37A3A1E42B3B89820000F0FC /* x.json5 in Resources */ = {isa = PBXBuildFile; fileRef = 37A3A1E22B3B7EF00000F0FC /* x.json5 */; };
		37A3A1E62B3B8DF40000F0FC /* x.json in Resources */ = {isa = PBXBuildFile; fileRef = 37A3A1E52B3B8DF40000F0FC /* x.json */; };
/* End PBXBuildFile section */

/* Begin PBXCopyFilesBuildPhase section */
		37A3A1942B34701C0000F0FC /* CopyFiles */ = {
			isa = PBXCopyFilesBuildPhase;
			buildActionMask = 2147483647;
			dstPath = /usr/share/man/man1/;
			dstSubfolderSpec = 0;
			files = (
			);
			runOnlyForDeploymentPostprocessing = 1;
		};
/* End PBXCopyFilesBuildPhase section */

/* Begin PBXFileReference section */
		37A3A1962B34701C0000F0FC /* x */ = {isa = PBXFileReference; explicitFileType = "compiled.mach-o.executable"; includeInIndex = 0; path = x; sourceTree = BUILT_PRODUCTS_DIR; };
		37A3A1992B34701C0000F0FC /* main.m */ = {isa = PBXFileReference; lastKnownFileType = sourcecode.c.objc; path = main.m; sourceTree = "<group>"; };
		37A3A1B32B3547A20000F0FC /* tests.xctest */ = {isa = PBXFileReference; explicitFileType = wrapper.cfbundle; includeInIndex = 0; path = tests.xctest; sourceTree = BUILT_PRODUCTS_DIR; };
		37A3A1B52B3547A20000F0FC /* testing.m */ = {isa = PBXFileReference; lastKnownFileType = sourcecode.c.objc; path = testing.m; sourceTree = "<group>"; };
		37A3A1BA2B372EC30000F0FC /* XSError.m */ = {isa = PBXFileReference; lastKnownFileType = sourcecode.c.objc; path = XSError.m; sourceTree = "<group>"; };
		37A3A1BC2B372F770000F0FC /* XSError.h */ = {isa = PBXFileReference; lastKnownFileType = sourcecode.c.h; path = XSError.h; sourceTree = "<group>"; };
		37A3A1BD2B3767310000F0FC /* XSPrint.h */ = {isa = PBXFileReference; lastKnownFileType = sourcecode.c.h; path = XSPrint.h; sourceTree = "<group>"; };
		37A3A1BE2B3775860000F0FC /* XSPrint.m */ = {isa = PBXFileReference; lastKnownFileType = sourcecode.c.objc; path = XSPrint.m; sourceTree = "<group>"; };
		37A3A1C02B37FBE90000F0FC /* XSRuntime.h */ = {isa = PBXFileReference; lastKnownFileType = sourcecode.c.h; path = XSRuntime.h; sourceTree = "<group>"; };
		37A3A1C12B37FBF80000F0FC /* XSRuntime.m */ = {isa = PBXFileReference; lastKnownFileType = sourcecode.c.objc; path = XSRuntime.m; sourceTree = "<group>"; };
		37A3A1C32B38DC3F0000F0FC /* XSDefine.h */ = {isa = PBXFileReference; lastKnownFileType = sourcecode.c.h; path = XSDefine.h; sourceTree = "<group>"; };
		37A3A1D72B3B77770000F0FC /* testing.h */ = {isa = PBXFileReference; lastKnownFileType = sourcecode.c.h; path = testing.h; sourceTree = "<group>"; };
		37A3A1E22B3B7EF00000F0FC /* x.json5 */ = {isa = PBXFileReference; lastKnownFileType = text; path = x.json5; sourceTree = "<group>"; };
		37A3A1E52B3B8DF40000F0FC /* x.json */ = {isa = PBXFileReference; lastKnownFileType = text.json; path = x.json; sourceTree = "<group>"; };
/* End PBXFileReference section */

/* Begin PBXFrameworksBuildPhase section */
		37A3A1932B34701C0000F0FC /* Frameworks */ = {
			isa = PBXFrameworksBuildPhase;
			buildActionMask = 2147483647;
			files = (
			);
			runOnlyForDeploymentPostprocessing = 0;
		};
		37A3A1B02B3547A20000F0FC /* Frameworks */ = {
			isa = PBXFrameworksBuildPhase;
			buildActionMask = 2147483647;
			files = (
			);
			runOnlyForDeploymentPostprocessing = 0;
		};
/* End PBXFrameworksBuildPhase section */

/* Begin PBXGroup section */
		37A3A18D2B34701C0000F0FC = {
			isa = PBXGroup;
			children = (
				37A3A1982B34701C0000F0FC /* x */,
				37A3A1B42B3547A20000F0FC /* tests */,
				37A3A1972B34701C0000F0FC /* Products */,
			);
			sourceTree = "<group>";
		};
		37A3A1972B34701C0000F0FC /* Products */ = {
			isa = PBXGroup;
			children = (
				37A3A1962B34701C0000F0FC /* x */,
				37A3A1B32B3547A20000F0FC /* tests.xctest */,
			);
			name = Products;
			sourceTree = "<group>";
		};
		37A3A1982B34701C0000F0FC /* x */ = {
			isa = PBXGroup;
			children = (
				37A3A1C32B38DC3F0000F0FC /* XSDefine.h */,
				37A3A1BC2B372F770000F0FC /* XSError.h */,
				37A3A1BA2B372EC30000F0FC /* XSError.m */,
				37A3A1BD2B3767310000F0FC /* XSPrint.h */,
				37A3A1BE2B3775860000F0FC /* XSPrint.m */,
				37A3A1C02B37FBE90000F0FC /* XSRuntime.h */,
				37A3A1C12B37FBF80000F0FC /* XSRuntime.m */,
				37A3A1992B34701C0000F0FC /* main.m */,
			);
			path = x;
			sourceTree = "<group>";
		};
		37A3A1B42B3547A20000F0FC /* tests */ = {
			isa = PBXGroup;
			children = (
				37A3A1E12B3B7E9E0000F0FC /* json */,
				37A3A1D72B3B77770000F0FC /* testing.h */,
				37A3A1B52B3547A20000F0FC /* testing.m */,
			);
			path = tests;
			sourceTree = "<group>";
		};
		37A3A1E12B3B7E9E0000F0FC /* json */ = {
			isa = PBXGroup;
			children = (
				37A3A1E52B3B8DF40000F0FC /* x.json */,
				37A3A1E22B3B7EF00000F0FC /* x.json5 */,
			);
			path = json;
			sourceTree = "<group>";
		};
/* End PBXGroup section */

/* Begin PBXNativeTarget section */
		37A3A1952B34701C0000F0FC /* x */ = {
			isa = PBXNativeTarget;
			buildConfigurationList = 37A3A19D2B34701C0000F0FC /* Build configuration list for PBXNativeTarget "x" */;
			buildPhases = (
				37A3A1922B34701C0000F0FC /* Sources */,
				37A3A1932B34701C0000F0FC /* Frameworks */,
				37A3A1942B34701C0000F0FC /* CopyFiles */,
			);
			buildRules = (
			);
			dependencies = (
			);
			name = x;
			productName = x;
			productReference = 37A3A1962B34701C0000F0FC /* x */;
			productType = "com.apple.product-type.tool";
		};
		37A3A1B22B3547A20000F0FC /* tests */ = {
			isa = PBXNativeTarget;
			buildConfigurationList = 37A3A1B92B3547A20000F0FC /* Build configuration list for PBXNativeTarget "tests" */;
			buildPhases = (
				37A3A1AF2B3547A20000F0FC /* Sources */,
				37A3A1B02B3547A20000F0FC /* Frameworks */,
				37A3A1B12B3547A20000F0FC /* Resources */,
			);
			buildRules = (
			);
			dependencies = (
			);
			name = tests;
			productName = tests;
			productReference = 37A3A1B32B3547A20000F0FC /* tests.xctest */;
			productType = "com.apple.product-type.bundle.unit-test";
		};
/* End PBXNativeTarget section */

/* Begin PBXProject section */
		37A3A18E2B34701C0000F0FC /* Project object */ = {
			isa = PBXProject;
			attributes = {
				BuildIndependentTargetsInParallel = 1;
				LastUpgradeCheck = 1510;
				TargetAttributes = {
					37A3A1952B34701C0000F0FC = {
						CreatedOnToolsVersion = 15.1;
					};
					37A3A1B22B3547A20000F0FC = {
						CreatedOnToolsVersion = 15.1;
					};
				};
			};
			buildConfigurationList = 37A3A1912B34701C0000F0FC /* Build configuration list for PBXProject "x" */;
			compatibilityVersion = "Xcode 14.0";
			developmentRegion = en;
			hasScannedForEncodings = 0;
			knownRegions = (
				en,
				Base,
			);
			mainGroup = 37A3A18D2B34701C0000F0FC;
			productRefGroup = 37A3A1972B34701C0000F0FC /* Products */;
			projectDirPath = "";
			projectRoot = "";
			targets = (
				37A3A1952B34701C0000F0FC /* x */,
				37A3A1B22B3547A20000F0FC /* tests */,
			);
		};
/* End PBXProject section */

/* Begin PBXResourcesBuildPhase section */
		37A3A1B12B3547A20000F0FC /* Resources */ = {
			isa = PBXResourcesBuildPhase;
			buildActionMask = 2147483647;
			files = (
				37A3A1E62B3B8DF40000F0FC /* x.json in Resources */,
				37A3A1E42B3B89820000F0FC /* x.json5 in Resources */,
			);
			runOnlyForDeploymentPostprocessing = 0;
		};
/* End PBXResourcesBuildPhase section */

/* Begin PBXSourcesBuildPhase section */
		37A3A1922B34701C0000F0FC /* Sources */ = {
			isa = PBXSourcesBuildPhase;
			buildActionMask = 2147483647;
			files = (
				37A3A19A2B34701C0000F0FC /* main.m in Sources */,
				37A3A1C22B37FBF80000F0FC /* XSRuntime.m in Sources */,
				37A3A1BF2B3775860000F0FC /* XSPrint.m in Sources */,
				37A3A1BB2B372EC30000F0FC /* XSError.m in Sources */,
			);
			runOnlyForDeploymentPostprocessing = 0;
		};
		37A3A1AF2B3547A20000F0FC /* Sources */ = {
			isa = PBXSourcesBuildPhase;
			buildActionMask = 2147483647;
			files = (
				37A3A1DA2B3B799D0000F0FC /* XSError.m in Sources */,
				37A3A1DC2B3B799D0000F0FC /* XSPrint.m in Sources */,
				37A3A1DE2B3B799D0000F0FC /* XSRuntime.m in Sources */,
				37A3A1DF2B3B799D0000F0FC /* main.m in Sources */,
				37A3A1B62B3547A20000F0FC /* testing.m in Sources */,
			);
			runOnlyForDeploymentPostprocessing = 0;
		};
/* End PBXSourcesBuildPhase section */

/* Begin XCBuildConfiguration section */
		37A3A19B2B34701C0000F0FC /* Debug */ = {
			isa = XCBuildConfiguration;
			buildSettings = {
				ALWAYS_SEARCH_USER_PATHS = NO;
				ASSETCATALOG_COMPILER_GENERATE_SWIFT_ASSET_SYMBOL_EXTENSIONS = YES;
				CLANG_ANALYZER_NONNULL = YES;
				CLANG_ANALYZER_NUMBER_OBJECT_CONVERSION = YES_AGGRESSIVE;
				CLANG_CXX_LANGUAGE_STANDARD = "gnu++20";
				CLANG_ENABLE_MODULES = YES;
				CLANG_ENABLE_OBJC_ARC = YES;
				CLANG_ENABLE_OBJC_WEAK = YES;
				CLANG_WARN_BLOCK_CAPTURE_AUTORELEASING = YES;
				CLANG_WARN_BOOL_CONVERSION = YES;
				CLANG_WARN_COMMA = YES;
				CLANG_WARN_CONSTANT_CONVERSION = YES;
				CLANG_WARN_DEPRECATED_OBJC_IMPLEMENTATIONS = YES;
				CLANG_WARN_DIRECT_OBJC_ISA_USAGE = YES_ERROR;
				CLANG_WARN_DOCUMENTATION_COMMENTS = YES;
				CLANG_WARN_EMPTY_BODY = YES;
				CLANG_WARN_ENUM_CONVERSION = YES;
				CLANG_WARN_INFINITE_RECURSION = YES;
				CLANG_WARN_INT_CONVERSION = YES;
				CLANG_WARN_NON_LITERAL_NULL_CONVERSION = YES;
				CLANG_WARN_OBJC_IMPLICIT_RETAIN_SELF = YES;
				CLANG_WARN_OBJC_LITERAL_CONVERSION = YES;
				CLANG_WARN_OBJC_ROOT_CLASS = YES_ERROR;
				CLANG_WARN_QUOTED_INCLUDE_IN_FRAMEWORK_HEADER = YES;
				CLANG_WARN_RANGE_LOOP_ANALYSIS = YES;
				CLANG_WARN_STRICT_PROTOTYPES = YES;
				CLANG_WARN_SUSPICIOUS_MOVE = YES;
				CLANG_WARN_UNGUARDED_AVAILABILITY = YES_AGGRESSIVE;
				CLANG_WARN_UNREACHABLE_CODE = YES;
				CLANG_WARN__DUPLICATE_METHOD_MATCH = YES;
				COPY_PHASE_STRIP = NO;
				DEBUG_INFORMATION_FORMAT = dwarf;
				ENABLE_STRICT_OBJC_MSGSEND = YES;
				ENABLE_TESTABILITY = YES;
				ENABLE_USER_SCRIPT_SANDBOXING = YES;
				GCC_C_LANGUAGE_STANDARD = gnu17;
				GCC_DYNAMIC_NO_PIC = NO;
				GCC_NO_COMMON_BLOCKS = YES;
				GCC_OPTIMIZATION_LEVEL = 0;
				GCC_PREPROCESSOR_DEFINITIONS = (
					"DEBUG=1",
					"$(inherited)",
				);
				GCC_WARN_64_TO_32_BIT_CONVERSION = YES;
				GCC_WARN_ABOUT_RETURN_TYPE = YES_ERROR;
				GCC_WARN_UNDECLARED_SELECTOR = YES;
				GCC_WARN_UNINITIALIZED_AUTOS = YES_AGGRESSIVE;
				GCC_WARN_UNUSED_FUNCTION = YES;
				GCC_WARN_UNUSED_VARIABLE = YES;
				LOCALIZATION_PREFERS_STRING_CATALOGS = YES;
				MACOSX_DEPLOYMENT_TARGET = 14.0;
				MTL_ENABLE_DEBUG_INFO = INCLUDE_SOURCE;
				MTL_FAST_MATH = YES;
				ONLY_ACTIVE_ARCH = YES;
				SDKROOT = macosx;
			};
			name = Debug;
		};
		37A3A19C2B34701C0000F0FC /* Release */ = {
			isa = XCBuildConfiguration;
			buildSettings = {
				ALWAYS_SEARCH_USER_PATHS = NO;
				ASSETCATALOG_COMPILER_GENERATE_SWIFT_ASSET_SYMBOL_EXTENSIONS = YES;
				CLANG_ANALYZER_NONNULL = YES;
				CLANG_ANALYZER_NUMBER_OBJECT_CONVERSION = YES_AGGRESSIVE;
				CLANG_CXX_LANGUAGE_STANDARD = "gnu++20";
				CLANG_ENABLE_MODULES = YES;
				CLANG_ENABLE_OBJC_ARC = YES;
				CLANG_ENABLE_OBJC_WEAK = YES;
				CLANG_WARN_BLOCK_CAPTURE_AUTORELEASING = YES;
				CLANG_WARN_BOOL_CONVERSION = YES;
				CLANG_WARN_COMMA = YES;
				CLANG_WARN_CONSTANT_CONVERSION = YES;
				CLANG_WARN_DEPRECATED_OBJC_IMPLEMENTATIONS = YES;
				CLANG_WARN_DIRECT_OBJC_ISA_USAGE = YES_ERROR;
				CLANG_WARN_DOCUMENTATION_COMMENTS = YES;
				CLANG_WARN_EMPTY_BODY = YES;
				CLANG_WARN_ENUM_CONVERSION = YES;
				CLANG_WARN_INFINITE_RECURSION = YES;
				CLANG_WARN_INT_CONVERSION = YES;
				CLANG_WARN_NON_LITERAL_NULL_CONVERSION = YES;
				CLANG_WARN_OBJC_IMPLICIT_RETAIN_SELF = YES;
				CLANG_WARN_OBJC_LITERAL_CONVERSION = YES;
				CLANG_WARN_OBJC_ROOT_CLASS = YES_ERROR;
				CLANG_WARN_QUOTED_INCLUDE_IN_FRAMEWORK_HEADER = YES;
				CLANG_WARN_RANGE_LOOP_ANALYSIS = YES;
				CLANG_WARN_STRICT_PROTOTYPES = YES;
				CLANG_WARN_SUSPICIOUS_MOVE = YES;
				CLANG_WARN_UNGUARDED_AVAILABILITY = YES_AGGRESSIVE;
				CLANG_WARN_UNREACHABLE_CODE = YES;
				CLANG_WARN__DUPLICATE_METHOD_MATCH = YES;
				COPY_PHASE_STRIP = NO;
				DEBUG_INFORMATION_FORMAT = "dwarf-with-dsym";
				ENABLE_NS_ASSERTIONS = NO;
				ENABLE_STRICT_OBJC_MSGSEND = YES;
				ENABLE_USER_SCRIPT_SANDBOXING = YES;
				GCC_C_LANGUAGE_STANDARD = gnu17;
				GCC_NO_COMMON_BLOCKS = YES;
				GCC_WARN_64_TO_32_BIT_CONVERSION = YES;
				GCC_WARN_ABOUT_RETURN_TYPE = YES_ERROR;
				GCC_WARN_UNDECLARED_SELECTOR = YES;
				GCC_WARN_UNINITIALIZED_AUTOS = YES_AGGRESSIVE;
				GCC_WARN_UNUSED_FUNCTION = YES;
				GCC_WARN_UNUSED_VARIABLE = YES;
				LOCALIZATION_PREFERS_STRING_CATALOGS = YES;
				MACOSX_DEPLOYMENT_TARGET = 14.0;
				MTL_ENABLE_DEBUG_INFO = NO;
				MTL_FAST_MATH = YES;
				SDKROOT = macosx;
			};
			name = Release;
		};
		37A3A19E2B34701C0000F0FC /* Debug */ = {
			isa = XCBuildConfiguration;
			buildSettings = {
				"CODE_SIGN_IDENTITY[sdk=macosx*]" = "Apple Development";
				CODE_SIGN_STYLE = Automatic;
				DEVELOPMENT_TEAM = CJK2LH36QV;
				ENABLE_HARDENED_RUNTIME = YES;
				MACOSX_DEPLOYMENT_TARGET = 14.0;
				PRODUCT_BUNDLE_IDENTIFIER = com.github.x;
				PRODUCT_NAME = "$(TARGET_NAME)";
			};
			name = Debug;
		};
		37A3A19F2B34701C0000F0FC /* Release */ = {
			isa = XCBuildConfiguration;
			buildSettings = {
				"CODE_SIGN_IDENTITY[sdk=macosx*]" = "Apple Development";
				CODE_SIGN_STYLE = Automatic;
				DEVELOPMENT_TEAM = CJK2LH36QV;
				ENABLE_HARDENED_RUNTIME = YES;
				MACOSX_DEPLOYMENT_TARGET = 14.0;
				PRODUCT_BUNDLE_IDENTIFIER = com.github.x;
				PRODUCT_NAME = "$(TARGET_NAME)";
			};
			name = Release;
		};
		37A3A1B72B3547A20000F0FC /* Debug */ = {
			isa = XCBuildConfiguration;
			buildSettings = {
				CODE_SIGN_STYLE = Automatic;
				CURRENT_PROJECT_VERSION = 1;
				DEVELOPMENT_TEAM = CJK2LH36QV;
				GENERATE_INFOPLIST_FILE = YES;
				MARKETING_VERSION = 1.0;
				PRODUCT_BUNDLE_IDENTIFIER = "com.github.x-tests";
				PRODUCT_NAME = "$(TARGET_NAME)";
				SWIFT_EMIT_LOC_STRINGS = NO;
			};
			name = Debug;
		};
		37A3A1B82B3547A20000F0FC /* Release */ = {
			isa = XCBuildConfiguration;
			buildSettings = {
				CODE_SIGN_STYLE = Automatic;
				CURRENT_PROJECT_VERSION = 1;
				DEVELOPMENT_TEAM = CJK2LH36QV;
				GENERATE_INFOPLIST_FILE = YES;
				MARKETING_VERSION = 1.0;
				PRODUCT_BUNDLE_IDENTIFIER = "com.github.x-tests";
				PRODUCT_NAME = "$(TARGET_NAME)";
				SWIFT_EMIT_LOC_STRINGS = NO;
			};
			name = Release;
		};
/* End XCBuildConfiguration section */

/* Begin XCConfigurationList section */
		37A3A1912B34701C0000F0FC /* Build configuration list for PBXProject "x" */ = {
			isa = XCConfigurationList;
			buildConfigurations = (
				37A3A19B2B34701C0000F0FC /* Debug */,
				37A3A19C2B34701C0000F0FC /* Release */,
			);
			defaultConfigurationIsVisible = 0;
			defaultConfigurationName = Release;
		};
		37A3A19D2B34701C0000F0FC /* Build configuration list for PBXNativeTarget "x" */ = {
			isa = XCConfigurationList;
			buildConfigurations = (
				37A3A19E2B34701C0000F0FC /* Debug */,
				37A3A19F2B34701C0000F0FC /* Release */,
			);
			defaultConfigurationIsVisible = 0;
			defaultConfigurationName = Release;
		};
		37A3A1B92B3547A20000F0FC /* Build configuration list for PBXNativeTarget "tests" */ = {
			isa = XCConfigurationList;
			buildConfigurations = (
				37A3A1B72B3547A20000F0FC /* Debug */,
				37A3A1B82B3547A20000F0FC /* Release */,
			);
			defaultConfigurationIsVisible = 0;
			defaultConfigurationName = Release;
		};
/* End XCConfigurationList section */
	};
	rootObject = 37A3A18E2B34701C0000F0FC /* Project object */;
}
